
Microsoft Visual Studio Solution File, Format Version 12.00
# Visual Studio Version 17
VisualStudioVersion = 17.5.33424.131
MinimumVisualStudioVersion = 10.0.40219.1
Project("{FAE04EC0-301F-11D3-BF4B-00C04F79EFBC}") = "WebApp1", "WebApp1.csproj", "{A812E26A-3448-4780-B203-7FF6179E517C}"
EndProject
Global
	GlobalSection(SolutionConfigurationPlatforms) = preSolution
		Debug|Any CPU = Debug|Any CPU
		Release|Any CPU = Release|Any CPU
	EndGlobalSection
	GlobalSection(ProjectConfigurationPlatforms) = postSolution
		{A812E26A-3448-4780-B203-7FF6179E517C}.Debug|Any CPU.ActiveCfg = Debug|Any CPU
		{A812E26A-3448-4780-B203-7FF6179E517C}.Debug|Any CPU.Build.0 = Debug|Any CPU
		{A812E26A-3448-4780-B203-7FF6179E517C}.Release|Any CPU.ActiveCfg = Release|Any CPU
		{A812E26A-3448-4780-B203-7FF6179E517C}.Release|Any CPU.Build.0 = Release|Any CPU
	EndGlobalSection
	GlobalSection(SolutionProperties) = preSolution
		HideSolutionNode = FALSE
	EndGlobalSection
	GlobalSection(ExtensibilityGlobals) = postSolution
		SolutionGuid = {82D5079E-2BDC-4B7C-8D4E-93F931FDD804}
	EndGlobalSection
EndGlobal
